
Microsoft Visual Studio Solution File, Format Version 12.00
# Visual Studio 15
VisualStudioVersion = 15.0.28307.489
MinimumVisualStudioVersion = 10.0.40219.1
Project("{9A19103F-16F7-4668-BE54-9A1E7A4F7556}") = "rimrock_api", "rimrock_api\rimrock_api.csproj", "{C7A444D5-9B93-47C6-B17D-FD931C4A0902}"
EndProject
Project("{FAE04EC0-301F-11D3-BF4B-00C04F79EFBC}") = "XUnit_RimRockUnitTests", "XUnit_RimRockUnitTests\XUnit_RimRockUnitTests.csproj", "{6E6DEFC9-35FA-47F3-A9E2-9D5637DB1A49}"
EndProject
Global
	GlobalSection(SolutionConfigurationPlatforms) = preSolution
		Debug|Any CPU = Debug|Any CPU
		Release|Any CPU = Release|Any CPU
	EndGlobalSection
	GlobalSection(ProjectConfigurationPlatforms) = postSolution
		{C7A444D5-9B93-47C6-B17D-FD931C4A0902}.Debug|Any CPU.ActiveCfg = Debug|Any CPU
		{C7A444D5-9B93-47C6-B17D-FD931C4A0902}.Debug|Any CPU.Build.0 = Debug|Any CPU
		{C7A444D5-9B93-47C6-B17D-FD931C4A0902}.Release|Any CPU.ActiveCfg = Release|Any CPU
		{C7A444D5-9B93-47C6-B17D-FD931C4A0902}.Release|Any CPU.Build.0 = Release|Any CPU
		{6E6DEFC9-35FA-47F3-A9E2-9D5637DB1A49}.Debug|Any CPU.ActiveCfg = Debug|Any CPU
		{6E6DEFC9-35FA-47F3-A9E2-9D5637DB1A49}.Debug|Any CPU.Build.0 = Debug|Any CPU
		{6E6DEFC9-35FA-47F3-A9E2-9D5637DB1A49}.Release|Any CPU.ActiveCfg = Release|Any CPU
		{6E6DEFC9-35FA-47F3-A9E2-9D5637DB1A49}.Release|Any CPU.Build.0 = Release|Any CPU
	EndGlobalSection
	GlobalSection(SolutionProperties) = preSolution
		HideSolutionNode = FALSE
	EndGlobalSection
	GlobalSection(ExtensibilityGlobals) = postSolution
		SolutionGuid = {3D525D62-9AA7-4D6A-A4FE-E6E5304E59FE}
	EndGlobalSection
EndGlobal
